{
  "requires": true,
  "lockfileVersion": 1,
  "dependencies": {
    "rbx-types": {
      "version": "1.0.107",
      "resolved": "https://registry.npmjs.org/rbx-types/-/rbx-types-1.0.107.tgz",
      "integrity": "sha512-qWcYphLoL5mQUQAJa9+xvMv/vHXmOuFBOydvLo7CkCT63lYsXnXbtIl7MaXEcS4lx/Ctu/qsNen3bkUUnab65Q=="
    }
  }
}
